
Microsoft Visual Studio Solution File, Format Version 12.00
# Visual Studio Version 17
VisualStudioVersion = 17.2.32630.192
MinimumVisualStudioVersion = 10.0.40219.1
Project("{2150E333-8FDC-42A3-9474-1A3956D46DE8}") = "ComplexDomain", "ComplexDomain", "{020EAD4B-B8DF-4F6D-BAB4-C478103D8440}"
EndProject
Project("{2150E333-8FDC-42A3-9474-1A3956D46DE8}") = "Academic", "Academic", "{41447C1D-866F-47E7-B725-3F81FFC14B62}"
EndProject
Project("{2150E333-8FDC-42A3-9474-1A3956D46DE8}") = "Application", "Application", "{A8602A63-14DD-44C9-9690-50851F210D07}"
EndProject
Project("{2150E333-8FDC-42A3-9474-1A3956D46DE8}") = "Domain", "Domain", "{7A5959DA-455F-4094-8F07-0C50C77F9B66}"
EndProject
Project("{2150E333-8FDC-42A3-9474-1A3956D46DE8}") = "Infra", "Infra", "{87BCD86D-07BA-401C-AC2D-B52A4EC66C42}"
EndProject
Project("{2150E333-8FDC-42A3-9474-1A3956D46DE8}") = "CrossCutting", "CrossCutting", "{D96BC08F-2367-4D7B-BBD5-6596E2B82F52}"
EndProject
Project("{2150E333-8FDC-42A3-9474-1A3956D46DE8}") = "IoC", "IoC", "{9AB6159D-31FB-453F-AD26-9E0941BB7C3F}"
EndProject
Project("{2150E333-8FDC-42A3-9474-1A3956D46DE8}") = "Data", "Data", "{AAE17C57-2BD4-441E-B16E-92DF8D125D16}"
EndProject
Project("{2150E333-8FDC-42A3-9474-1A3956D46DE8}") = "Services", "Services", "{1415690E-890B-429B-83EF-4632AD38FC40}"
EndProject
Project("{2150E333-8FDC-42A3-9474-1A3956D46DE8}") = "Financial", "Financial", "{F8CECAF6-C291-49FD-8F70-0978CFC975F8}"
EndProject
Project("{2150E333-8FDC-42A3-9474-1A3956D46DE8}") = "Application", "Application", "{B54107CF-A704-489E-BBB3-E47F6231B7D7}"
EndProject
Project("{2150E333-8FDC-42A3-9474-1A3956D46DE8}") = "Domain", "Domain", "{B041A2A1-3887-4D87-9340-724E8E0D5929}"
EndProject
Project("{2150E333-8FDC-42A3-9474-1A3956D46DE8}") = "Infra", "Infra", "{B9B580D4-96E8-4ABA-BC38-D4FC469C7A77}"
EndProject
Project("{2150E333-8FDC-42A3-9474-1A3956D46DE8}") = "CrossCutting", "CrossCutting", "{FFD0AFEC-CA1F-4DA0-A0BB-A6369AB510ED}"
EndProject
Project("{2150E333-8FDC-42A3-9474-1A3956D46DE8}") = "Data", "Data", "{F8AD15FD-BAEE-4563-93EA-9B8A2995A6F5}"
EndProject
Project("{2150E333-8FDC-42A3-9474-1A3956D46DE8}") = "Services", "Services", "{28637805-645B-4F84-9695-7DEB83045BCE}"
EndProject
Project("{2150E333-8FDC-42A3-9474-1A3956D46DE8}") = "IoC", "IoC", "{780CD46C-85AB-4D07-874C-7C378EA49351}"
EndProject
Project("{2150E333-8FDC-42A3-9474-1A3956D46DE8}") = "WebApi", "WebApi", "{AFCACE9B-B25C-4D46-9A1C-1035CB910FB3}"
EndProject
Project("{9A19103F-16F7-4668-BE54-9A1E7A4F7556}") = "ArchitectureModelDotNet.WebApi", "src\ArchitectureModelDotNet.WebApi\ArchitectureModelDotNet.WebApi.csproj", "{45111C6C-EFCB-40DA-8C9E-62A21C0B5B57}"
EndProject
Project("{9A19103F-16F7-4668-BE54-9A1E7A4F7556}") = "Academic.Domain", "src\Academic.Domain\Academic.Domain.csproj", "{62258D2B-77ED-4872-93D3-61CFED3F256B}"
EndProject
Project("{2150E333-8FDC-42A3-9474-1A3956D46DE8}") = "Core", "Core", "{702021F5-4899-47A5-9633-BAC082BE50F4}"
EndProject
Project("{9A19103F-16F7-4668-BE54-9A1E7A4F7556}") = "Academic.Infra.Data", "src\Academic.Infra.Data\Academic.Infra.Data.csproj", "{7D815BE4-4EC9-428C-B1F7-9EAFADBA8D93}"
EndProject
Project("{9A19103F-16F7-4668-BE54-9A1E7A4F7556}") = "Academic.Infra.CrossCutting.IoC", "src\Academic.Infra.CrossCutting.IoC\Academic.Infra.CrossCutting.IoC.csproj", "{9886B0F5-BD2D-4006-BD75-C6A9DE5E0FC4}"
EndProject
Project("{9A19103F-16F7-4668-BE54-9A1E7A4F7556}") = "Academic.Application", "src\Academic.Application\Academic.Application.csproj", "{EC036356-FF95-46D9-95FF-1EA45D5138C9}"
EndProject
Project("{2150E333-8FDC-42A3-9474-1A3956D46DE8}") = "Services", "Services", "{33CCF870-5697-4473-AAC6-5F1506669D53}"
EndProject
Project("{2150E333-8FDC-42A3-9474-1A3956D46DE8}") = "CrossCutting", "CrossCutting", "{FC3907F7-B0E3-4274-90A2-50B8D9D9B7A2}"
EndProject
Project("{2150E333-8FDC-42A3-9474-1A3956D46DE8}") = "IoC", "IoC", "{5CA30E51-7C92-4A24-82D1-577CA5489992}"
EndProject
Project("{9A19103F-16F7-4668-BE54-9A1E7A4F7556}") = "Core.CrossCutting.IoC", "src\Core.CrossCutting.IoC\Core.CrossCutting.IoC.csproj", "{C7B1DBFC-A883-423F-8372-107BD836B7C5}"
EndProject
Project("{9A19103F-16F7-4668-BE54-9A1E7A4F7556}") = "Core.Services.DatabaseInitializer.Interfaces", "src\Core.Services.DatabaseInitializer.Interfaces\Core.Services.DatabaseInitializer.Interfaces.csproj", "{DC4372CE-3781-4F98-9E12-FE4A8147C575}"
EndProject
Project("{2150E333-8FDC-42A3-9474-1A3956D46DE8}") = "DatabaseInitializer", "DatabaseInitializer", "{1EA201E6-6D76-4C07-AFEF-F80D5456FD01}"
EndProject
Project("{2150E333-8FDC-42A3-9474-1A3956D46DE8}") = "Interfaces", "Interfaces", "{3B5E8947-8687-4822-8CDE-4B932215237E}"
EndProject
Project("{2150E333-8FDC-42A3-9474-1A3956D46DE8}") = "EnumTableCreator", "EnumTableCreator", "{EB7F60D0-16A9-4B7D-B05B-39B6A8188C79}"
EndProject
Project("{2150E333-8FDC-42A3-9474-1A3956D46DE8}") = "Interfaces", "Interfaces", "{5E67FA5F-42BF-40A0-A63E-AFF8185E7B9B}"
EndProject
Project("{9A19103F-16F7-4668-BE54-9A1E7A4F7556}") = "Core.Services.EnumTableCreators.Interfaces", "src\Core.Services.EnumTableCreators.Interfaces\Core.Services.EnumTableCreators.Interfaces.csproj", "{437FF614-80DC-4346-B45A-118F7B7C8FC8}"
EndProject
Project("{9A19103F-16F7-4668-BE54-9A1E7A4F7556}") = "Core.Services.EnumTableCreators", "src\Core.Services.EnumTableCreators\Core.Services.EnumTableCreators.csproj", "{6F5B127E-934F-47B6-A1E9-DC465605239C}"
EndProject
Project("{2150E333-8FDC-42A3-9474-1A3956D46DE8}") = "DataTables", "DataTables", "{3CD01ECA-5F31-4F30-8B7E-7E5B644890AF}"
EndProject
Project("{2150E333-8FDC-42A3-9474-1A3956D46DE8}") = "Interfaces", "Interfaces", "{1AC251CC-E5DB-4218-A305-C444C72060BF}"
EndProject
Project("{9A19103F-16F7-4668-BE54-9A1E7A4F7556}") = "Core.Services.DataTables.Interfaces", "src\Core.Services.DataTables.Interfaces\Core.Services.DataTables.Interfaces.csproj", "{6C52C237-A7A7-4540-B68F-970F7EFE1475}"
EndProject
Project("{FAE04EC0-301F-11D3-BF4B-00C04F79EFBC}") = "Core.Services.DataTables", "src\Core.Services.DataTables\Core.Services.DataTables.csproj", "{9485335C-B0DD-44E2-A334-CD3A7960CDCC}"
EndProject
Global
	GlobalSection(SolutionConfigurationPlatforms) = preSolution
		Debug|Any CPU = Debug|Any CPU
		Release|Any CPU = Release|Any CPU
	EndGlobalSection
	GlobalSection(ProjectConfigurationPlatforms) = postSolution
		{45111C6C-EFCB-40DA-8C9E-62A21C0B5B57}.Debug|Any CPU.ActiveCfg = Debug|Any CPU
		{45111C6C-EFCB-40DA-8C9E-62A21C0B5B57}.Debug|Any CPU.Build.0 = Debug|Any CPU
		{45111C6C-EFCB-40DA-8C9E-62A21C0B5B57}.Release|Any CPU.ActiveCfg = Release|Any CPU
		{45111C6C-EFCB-40DA-8C9E-62A21C0B5B57}.Release|Any CPU.Build.0 = Release|Any CPU
		{62258D2B-77ED-4872-93D3-61CFED3F256B}.Debug|Any CPU.ActiveCfg = Debug|Any CPU
		{62258D2B-77ED-4872-93D3-61CFED3F256B}.Debug|Any CPU.Build.0 = Debug|Any CPU
		{62258D2B-77ED-4872-93D3-61CFED3F256B}.Release|Any CPU.ActiveCfg = Release|Any CPU
		{62258D2B-77ED-4872-93D3-61CFED3F256B}.Release|Any CPU.Build.0 = Release|Any CPU
		{7D815BE4-4EC9-428C-B1F7-9EAFADBA8D93}.Debug|Any CPU.ActiveCfg = Debug|Any CPU
		{7D815BE4-4EC9-428C-B1F7-9EAFADBA8D93}.Debug|Any CPU.Build.0 = Debug|Any CPU
		{7D815BE4-4EC9-428C-B1F7-9EAFADBA8D93}.Release|Any CPU.ActiveCfg = Release|Any CPU
		{7D815BE4-4EC9-428C-B1F7-9EAFADBA8D93}.Release|Any CPU.Build.0 = Release|Any CPU
		{9886B0F5-BD2D-4006-BD75-C6A9DE5E0FC4}.Debug|Any CPU.ActiveCfg = Debug|Any CPU
		{9886B0F5-BD2D-4006-BD75-C6A9DE5E0FC4}.Debug|Any CPU.Build.0 = Debug|Any CPU
		{9886B0F5-BD2D-4006-BD75-C6A9DE5E0FC4}.Release|Any CPU.ActiveCfg = Release|Any CPU
		{9886B0F5-BD2D-4006-BD75-C6A9DE5E0FC4}.Release|Any CPU.Build.0 = Release|Any CPU
		{EC036356-FF95-46D9-95FF-1EA45D5138C9}.Debug|Any CPU.ActiveCfg = Debug|Any CPU
		{EC036356-FF95-46D9-95FF-1EA45D5138C9}.Debug|Any CPU.Build.0 = Debug|Any CPU
		{EC036356-FF95-46D9-95FF-1EA45D5138C9}.Release|Any CPU.ActiveCfg = Release|Any CPU
		{EC036356-FF95-46D9-95FF-1EA45D5138C9}.Release|Any CPU.Build.0 = Release|Any CPU
		{C7B1DBFC-A883-423F-8372-107BD836B7C5}.Debug|Any CPU.ActiveCfg = Debug|Any CPU
		{C7B1DBFC-A883-423F-8372-107BD836B7C5}.Debug|Any CPU.Build.0 = Debug|Any CPU
		{C7B1DBFC-A883-423F-8372-107BD836B7C5}.Release|Any CPU.ActiveCfg = Release|Any CPU
		{C7B1DBFC-A883-423F-8372-107BD836B7C5}.Release|Any CPU.Build.0 = Release|Any CPU
		{DC4372CE-3781-4F98-9E12-FE4A8147C575}.Debug|Any CPU.ActiveCfg = Debug|Any CPU
		{DC4372CE-3781-4F98-9E12-FE4A8147C575}.Debug|Any CPU.Build.0 = Debug|Any CPU
		{DC4372CE-3781-4F98-9E12-FE4A8147C575}.Release|Any CPU.ActiveCfg = Release|Any CPU
		{DC4372CE-3781-4F98-9E12-FE4A8147C575}.Release|Any CPU.Build.0 = Release|Any CPU
		{437FF614-80DC-4346-B45A-118F7B7C8FC8}.Debug|Any CPU.ActiveCfg = Debug|Any CPU
		{437FF614-80DC-4346-B45A-118F7B7C8FC8}.Debug|Any CPU.Build.0 = Debug|Any CPU
		{437FF614-80DC-4346-B45A-118F7B7C8FC8}.Release|Any CPU.ActiveCfg = Release|Any CPU
		{437FF614-80DC-4346-B45A-118F7B7C8FC8}.Release|Any CPU.Build.0 = Release|Any CPU
		{6F5B127E-934F-47B6-A1E9-DC465605239C}.Debug|Any CPU.ActiveCfg = Debug|Any CPU
		{6F5B127E-934F-47B6-A1E9-DC465605239C}.Debug|Any CPU.Build.0 = Debug|Any CPU
		{6F5B127E-934F-47B6-A1E9-DC465605239C}.Release|Any CPU.ActiveCfg = Release|Any CPU
		{6F5B127E-934F-47B6-A1E9-DC465605239C}.Release|Any CPU.Build.0 = Release|Any CPU
		{6C52C237-A7A7-4540-B68F-970F7EFE1475}.Debug|Any CPU.ActiveCfg = Debug|Any CPU
		{6C52C237-A7A7-4540-B68F-970F7EFE1475}.Debug|Any CPU.Build.0 = Debug|Any CPU
		{6C52C237-A7A7-4540-B68F-970F7EFE1475}.Release|Any CPU.ActiveCfg = Release|Any CPU
		{6C52C237-A7A7-4540-B68F-970F7EFE1475}.Release|Any CPU.Build.0 = Release|Any CPU
		{9485335C-B0DD-44E2-A334-CD3A7960CDCC}.Debug|Any CPU.ActiveCfg = Debug|Any CPU
		{9485335C-B0DD-44E2-A334-CD3A7960CDCC}.Debug|Any CPU.Build.0 = Debug|Any CPU
		{9485335C-B0DD-44E2-A334-CD3A7960CDCC}.Release|Any CPU.ActiveCfg = Release|Any CPU
		{9485335C-B0DD-44E2-A334-CD3A7960CDCC}.Release|Any CPU.Build.0 = Release|Any CPU
	EndGlobalSection
	GlobalSection(SolutionProperties) = preSolution
		HideSolutionNode = FALSE
	EndGlobalSection
	GlobalSection(NestedProjects) = preSolution
		{41447C1D-866F-47E7-B725-3F81FFC14B62} = {020EAD4B-B8DF-4F6D-BAB4-C478103D8440}
		{A8602A63-14DD-44C9-9690-50851F210D07} = {41447C1D-866F-47E7-B725-3F81FFC14B62}
		{7A5959DA-455F-4094-8F07-0C50C77F9B66} = {41447C1D-866F-47E7-B725-3F81FFC14B62}
		{87BCD86D-07BA-401C-AC2D-B52A4EC66C42} = {41447C1D-866F-47E7-B725-3F81FFC14B62}
		{D96BC08F-2367-4D7B-BBD5-6596E2B82F52} = {87BCD86D-07BA-401C-AC2D-B52A4EC66C42}
		{9AB6159D-31FB-453F-AD26-9E0941BB7C3F} = {D96BC08F-2367-4D7B-BBD5-6596E2B82F52}
		{AAE17C57-2BD4-441E-B16E-92DF8D125D16} = {87BCD86D-07BA-401C-AC2D-B52A4EC66C42}
		{1415690E-890B-429B-83EF-4632AD38FC40} = {87BCD86D-07BA-401C-AC2D-B52A4EC66C42}
		{F8CECAF6-C291-49FD-8F70-0978CFC975F8} = {020EAD4B-B8DF-4F6D-BAB4-C478103D8440}
		{B54107CF-A704-489E-BBB3-E47F6231B7D7} = {F8CECAF6-C291-49FD-8F70-0978CFC975F8}
		{B041A2A1-3887-4D87-9340-724E8E0D5929} = {F8CECAF6-C291-49FD-8F70-0978CFC975F8}
		{B9B580D4-96E8-4ABA-BC38-D4FC469C7A77} = {F8CECAF6-C291-49FD-8F70-0978CFC975F8}
		{FFD0AFEC-CA1F-4DA0-A0BB-A6369AB510ED} = {B9B580D4-96E8-4ABA-BC38-D4FC469C7A77}
		{F8AD15FD-BAEE-4563-93EA-9B8A2995A6F5} = {B9B580D4-96E8-4ABA-BC38-D4FC469C7A77}
		{28637805-645B-4F84-9695-7DEB83045BCE} = {B9B580D4-96E8-4ABA-BC38-D4FC469C7A77}
		{780CD46C-85AB-4D07-874C-7C378EA49351} = {FFD0AFEC-CA1F-4DA0-A0BB-A6369AB510ED}
		{45111C6C-EFCB-40DA-8C9E-62A21C0B5B57} = {AFCACE9B-B25C-4D46-9A1C-1035CB910FB3}
		{62258D2B-77ED-4872-93D3-61CFED3F256B} = {7A5959DA-455F-4094-8F07-0C50C77F9B66}
		{702021F5-4899-47A5-9633-BAC082BE50F4} = {020EAD4B-B8DF-4F6D-BAB4-C478103D8440}
		{7D815BE4-4EC9-428C-B1F7-9EAFADBA8D93} = {AAE17C57-2BD4-441E-B16E-92DF8D125D16}
		{9886B0F5-BD2D-4006-BD75-C6A9DE5E0FC4} = {9AB6159D-31FB-453F-AD26-9E0941BB7C3F}
		{EC036356-FF95-46D9-95FF-1EA45D5138C9} = {A8602A63-14DD-44C9-9690-50851F210D07}
		{33CCF870-5697-4473-AAC6-5F1506669D53} = {702021F5-4899-47A5-9633-BAC082BE50F4}
		{FC3907F7-B0E3-4274-90A2-50B8D9D9B7A2} = {702021F5-4899-47A5-9633-BAC082BE50F4}
		{5CA30E51-7C92-4A24-82D1-577CA5489992} = {FC3907F7-B0E3-4274-90A2-50B8D9D9B7A2}
		{C7B1DBFC-A883-423F-8372-107BD836B7C5} = {5CA30E51-7C92-4A24-82D1-577CA5489992}
		{DC4372CE-3781-4F98-9E12-FE4A8147C575} = {3B5E8947-8687-4822-8CDE-4B932215237E}
		{1EA201E6-6D76-4C07-AFEF-F80D5456FD01} = {33CCF870-5697-4473-AAC6-5F1506669D53}
		{3B5E8947-8687-4822-8CDE-4B932215237E} = {1EA201E6-6D76-4C07-AFEF-F80D5456FD01}
		{EB7F60D0-16A9-4B7D-B05B-39B6A8188C79} = {33CCF870-5697-4473-AAC6-5F1506669D53}
		{5E67FA5F-42BF-40A0-A63E-AFF8185E7B9B} = {EB7F60D0-16A9-4B7D-B05B-39B6A8188C79}
		{437FF614-80DC-4346-B45A-118F7B7C8FC8} = {5E67FA5F-42BF-40A0-A63E-AFF8185E7B9B}
		{6F5B127E-934F-47B6-A1E9-DC465605239C} = {EB7F60D0-16A9-4B7D-B05B-39B6A8188C79}
		{3CD01ECA-5F31-4F30-8B7E-7E5B644890AF} = {33CCF870-5697-4473-AAC6-5F1506669D53}
		{1AC251CC-E5DB-4218-A305-C444C72060BF} = {3CD01ECA-5F31-4F30-8B7E-7E5B644890AF}
		{6C52C237-A7A7-4540-B68F-970F7EFE1475} = {1AC251CC-E5DB-4218-A305-C444C72060BF}
		{9485335C-B0DD-44E2-A334-CD3A7960CDCC} = {3CD01ECA-5F31-4F30-8B7E-7E5B644890AF}
	EndGlobalSection
	GlobalSection(ExtensibilityGlobals) = postSolution
		SolutionGuid = {219A9300-9F3B-4699-BB34-37B6FCE020DC}
	EndGlobalSection
EndGlobal
